{
  "name": "@tft/crispr-forms",
  "version": "7.3.6",
  "lockfileVersion": 1,
  "requires": true,
  "dependencies": {
    "@tft/form-validation-handler": {
      "version": "3.0.0",
      "resolved": "https://registry.npmjs.org/@tft/form-validation-handler/-/form-validation-handler-3.0.0.tgz",
      "integrity": "sha512-vVfslviAL3CCR1D8hF5mY7aOpOvXqQWXyB7JRMvx7PxxgxKJh4e+Y8pOtT9LH5FRqRPO24T0DMcEeg6crDSTIA==",
      "requires": {
        "tslib": "^1.9.0"
      }
    },
    "tslib": {
      "version": "1.10.0",
      "resolved": "https://registry.npmjs.org/tslib/-/tslib-1.10.0.tgz",
      "integrity": "sha512-qOebF53frne81cf0S9B41ByenJ3/IuH8yJKngAX35CmiZySA0khhkovshKK+jGCaMnVomla7gVlIcc3EvKPbTQ=="
    }
  }
}
